{
  "name": "StarkFinder",
  "lockfileVersion": 3,
  "requires": true,
  "packages": {
    "": {
      "dependencies": {
        "@brian-ai/sdk": "^0.3.1"
      }
    },
    "node_modules/@brian-ai/sdk": {
      "version": "0.3.1",
      "resolved": "https://registry.npmjs.org/@brian-ai/sdk/-/sdk-0.3.1.tgz",
      "integrity": "sha512-1HkjUsFpE8vyaujBrq/llmcaJ6+4MUhVkN23eEnw+tgqx6Ek8T3mrttCbI62QMP0cY/bvWCqJwxMUZyBN9zn6w==",
      "license": "MIT",
      "dependencies": {
        "dotenv": "^16.4.5",
        "ky": "^1.5.0"
      }
    },
    "node_modules/dotenv": {
      "version": "16.4.5",
      "resolved": "https://registry.npmjs.org/dotenv/-/dotenv-16.4.5.tgz",
      "integrity": "sha512-ZmdL2rui+eB2YwhsWzjInR8LldtZHGDoQ1ugH85ppHKwpUHL7j7rN0Ti9NCnGiQbhaZ11FpR+7ao1dNsmduNUg==",
      "license": "BSD-2-Clause",
      "engines": {
        "node": ">=12"
      },
      "funding": {
        "url": "https://dotenvx.com"
      }
    },
    "node_modules/ky": {
      "version": "1.7.2",
      "resolved": "https://registry.npmjs.org/ky/-/ky-1.7.2.tgz",
      "integrity": "sha512-OzIvbHKKDpi60TnF9t7UUVAF1B4mcqc02z5PIvrm08Wyb+yOcz63GRvEuVxNT18a9E1SrNouhB4W2NNLeD7Ykg==",
      "license": "MIT",
      "engines": {
        "node": ">=18"
      },
      "funding": {
        "url": "https://github.com/sindresorhus/ky?sponsor=1"
      }
    }
  }
}
