{
  "name": "StarkFinder",
  "lockfileVersion": 3,
  "requires": true,
  "packages": {
    "": {
      "dependencies": {
        "prismjs-cairo": "^1.0.1"
      }
    },
    "node_modules/prismjs-cairo": {
      "version": "1.0.1",
      "resolved": "https://registry.npmjs.org/prismjs-cairo/-/prismjs-cairo-1.0.1.tgz",
      "integrity": "sha512-eb72klpxsCzKk1EccVWJzfshXrNteKJ5AqOIJOFKsbJ2uwuWrNKZOLDaNhMyApc51Vc0QmUWKo4AK4AVhSWkJQ==",
      "license": "MIT"
    }
  }
  "name": "StarkFinder01",
  "lockfileVersion": 3,
  "requires": true,
  "packages": {}
}
